
Microsoft Visual Studio Solution File, Format Version 12.00
# Visual Studio 14
VisualStudioVersion = 14.0.25420.1
MinimumVisualStudioVersion = 10.0.40219.1
Project("{FAE04EC0-301F-11D3-BF4B-00C04F79EFBC}") = "ProjektMVC", "ProjektMVC\ProjektMVC.csproj", "{31E37A93-800B-49EC-B523-EC7C1759C1CF}"
EndProject
Global
	GlobalSection(SolutionConfigurationPlatforms) = preSolution
		Debug|Any CPU = Debug|Any CPU
		Release|Any CPU = Release|Any CPU
	EndGlobalSection
	GlobalSection(ProjectConfigurationPlatforms) = postSolution
		{31E37A93-800B-49EC-B523-EC7C1759C1CF}.Debug|Any CPU.ActiveCfg = Debug|Any CPU
		{31E37A93-800B-49EC-B523-EC7C1759C1CF}.Debug|Any CPU.Build.0 = Debug|Any CPU
		{31E37A93-800B-49EC-B523-EC7C1759C1CF}.Release|Any CPU.ActiveCfg = Release|Any CPU
		{31E37A93-800B-49EC-B523-EC7C1759C1CF}.Release|Any CPU.Build.0 = Release|Any CPU
	EndGlobalSection
	GlobalSection(SolutionProperties) = preSolution
		HideSolutionNode = FALSE
	EndGlobalSection
EndGlobal
